Microsoft Visual Studio Solution File, Format Version 12.00
# Visual Studio Version 17
VisualStudioVersion = 17.5.2.0
MinimumVisualStudioVersion = 10.0.40219.1
Project("{FAE04EC0-301F-11D3-BF4B-00C04F79EFBC}") = "aspnetcore-identity-example", "aspnetcore-identity-example.csproj", "{72BC2220-BED2-FE2C-1C07-263F64E77666}"
EndProject
Global
	GlobalSection(SolutionConfigurationPlatforms) = preSolution
		Debug|Any CPU = Debug|Any CPU
		Release|Any CPU = Release|Any CPU
	EndGlobalSection
	GlobalSection(ProjectConfigurationPlatforms) = postSolution
		{72BC2220-BED2-FE2C-1C07-263F64E77666}.Debug|Any CPU.ActiveCfg = Debug|Any CPU
		{72BC2220-BED2-FE2C-1C07-263F64E77666}.Debug|Any CPU.Build.0 = Debug|Any CPU
		{72BC2220-BED2-FE2C-1C07-263F64E77666}.Release|Any CPU.ActiveCfg = Release|Any CPU
		{72BC2220-BED2-FE2C-1C07-263F64E77666}.Release|Any CPU.Build.0 = Release|Any CPU
	EndGlobalSection
	GlobalSection(SolutionProperties) = preSolution
		HideSolutionNode = FALSE
	EndGlobalSection
	GlobalSection(ExtensibilityGlobals) = postSolution
		SolutionGuid = {D497358E-CBDD-4CD1-A671-5378B3F8B7FB}
	EndGlobalSection
EndGlobal
